
Microsoft Visual Studio Solution File, Format Version 12.00
# Visual Studio Version 16
VisualStudioVersion = 16.0.30503.244
MinimumVisualStudioVersion = 10.0.40219.1
Project("{8BC9CEB8-8B4A-11D0-8D11-00A0C91BC942}") = "Task1", "Task1\Task1.vcxproj", "{6A16E1BF-CA9C-4863-9465-77F65B90E534}"
EndProject
Project("{8BC9CEB8-8B4A-11D0-8D11-00A0C91BC942}") = "Task2", "Task2\Task2.vcxproj", "{DD139CAB-A447-41A8-9AEE-BFD3F5FAFA53}"
EndProject
Global
	GlobalSection(SolutionConfigurationPlatforms) = preSolution
		Debug|x64 = Debug|x64
		Debug|x86 = Debug|x86
		Release|x64 = Release|x64
		Release|x86 = Release|x86
	EndGlobalSection
	GlobalSection(ProjectConfigurationPlatforms) = postSolution
		{6A16E1BF-CA9C-4863-9465-77F65B90E534}.Debug|x64.ActiveCfg = Debug|x64
		{6A16E1BF-CA9C-4863-9465-77F65B90E534}.Debug|x64.Build.0 = Debug|x64
		{6A16E1BF-CA9C-4863-9465-77F65B90E534}.Debug|x86.ActiveCfg = Debug|Win32
		{6A16E1BF-CA9C-4863-9465-77F65B90E534}.Debug|x86.Build.0 = Debug|Win32
		{6A16E1BF-CA9C-4863-9465-77F65B90E534}.Release|x64.ActiveCfg = Release|x64
		{6A16E1BF-CA9C-4863-9465-77F65B90E534}.Release|x64.Build.0 = Release|x64
		{6A16E1BF-CA9C-4863-9465-77F65B90E534}.Release|x86.ActiveCfg = Release|Win32
		{6A16E1BF-CA9C-4863-9465-77F65B90E534}.Release|x86.Build.0 = Release|Win32
		{DD139CAB-A447-41A8-9AEE-BFD3F5FAFA53}.Debug|x64.ActiveCfg = Debug|x64
		{DD139CAB-A447-41A8-9AEE-BFD3F5FAFA53}.Debug|x64.Build.0 = Debug|x64
		{DD139CAB-A447-41A8-9AEE-BFD3F5FAFA53}.Debug|x86.ActiveCfg = Debug|Win32
		{DD139CAB-A447-41A8-9AEE-BFD3F5FAFA53}.Debug|x86.Build.0 = Debug|Win32
		{DD139CAB-A447-41A8-9AEE-BFD3F5FAFA53}.Release|x64.ActiveCfg = Release|x64
		{DD139CAB-A447-41A8-9AEE-BFD3F5FAFA53}.Release|x64.Build.0 = Release|x64
		{DD139CAB-A447-41A8-9AEE-BFD3F5FAFA53}.Release|x86.ActiveCfg = Release|Win32
		{DD139CAB-A447-41A8-9AEE-BFD3F5FAFA53}.Release|x86.Build.0 = Release|Win32
	EndGlobalSection
	GlobalSection(SolutionProperties) = preSolution
		HideSolutionNode = FALSE
	EndGlobalSection
	GlobalSection(ExtensibilityGlobals) = postSolution
		SolutionGuid = {2539A3EA-0666-42E8-9380-030F3B6A5F7C}
	EndGlobalSection
EndGlobal
