
Microsoft Visual Studio Solution File, Format Version 12.00
# Visual Studio Version 16
VisualStudioVersion = 16.0.30503.244
MinimumVisualStudioVersion = 10.0.40219.1
Project("{8BC9CEB8-8B4A-11D0-8D11-00A0C91BC942}") = "task1", "task1\task1.vcxproj", "{BCB2F1FE-B854-439D-8C7F-4FF776FC7ACE}"
EndProject
Global
	GlobalSection(SolutionConfigurationPlatforms) = preSolution
		Debug|x64 = Debug|x64
		Debug|x86 = Debug|x86
		Release|x64 = Release|x64
		Release|x86 = Release|x86
	EndGlobalSection
	GlobalSection(ProjectConfigurationPlatforms) = postSolution
		{BCB2F1FE-B854-439D-8C7F-4FF776FC7ACE}.Debug|x64.ActiveCfg = Debug|x64
		{BCB2F1FE-B854-439D-8C7F-4FF776FC7ACE}.Debug|x64.Build.0 = Debug|x64
		{BCB2F1FE-B854-439D-8C7F-4FF776FC7ACE}.Debug|x86.ActiveCfg = Debug|Win32
		{BCB2F1FE-B854-439D-8C7F-4FF776FC7ACE}.Debug|x86.Build.0 = Debug|Win32
		{BCB2F1FE-B854-439D-8C7F-4FF776FC7ACE}.Release|x64.ActiveCfg = Release|x64
		{BCB2F1FE-B854-439D-8C7F-4FF776FC7ACE}.Release|x64.Build.0 = Release|x64
		{BCB2F1FE-B854-439D-8C7F-4FF776FC7ACE}.Release|x86.ActiveCfg = Release|Win32
		{BCB2F1FE-B854-439D-8C7F-4FF776FC7ACE}.Release|x86.Build.0 = Release|Win32
	EndGlobalSection
	GlobalSection(SolutionProperties) = preSolution
		HideSolutionNode = FALSE
	EndGlobalSection
	GlobalSection(ExtensibilityGlobals) = postSolution
		SolutionGuid = {AB22F2A6-5A61-4CF6-B66F-9AB1DB1B64DB}
	EndGlobalSection
EndGlobal
