
Microsoft Visual Studio Solution File, Format Version 12.00
# Visual Studio Version 16
VisualStudioVersion = 16.0.30503.244
MinimumVisualStudioVersion = 10.0.40219.1
Project("{8BC9CEB8-8B4A-11D0-8D11-00A0C91BC942}") = "Project2", "Project2\Project2.vcxproj", "{0E9D2BD9-4BA8-433D-91A6-410FF4529197}"
EndProject
Global
	GlobalSection(SolutionConfigurationPlatforms) = preSolution
		Debug|x64 = Debug|x64
		Debug|x86 = Debug|x86
		Release|x64 = Release|x64
		Release|x86 = Release|x86
	EndGlobalSection
	GlobalSection(ProjectConfigurationPlatforms) = postSolution
		{0E9D2BD9-4BA8-433D-91A6-410FF4529197}.Debug|x64.ActiveCfg = Debug|x64
		{0E9D2BD9-4BA8-433D-91A6-410FF4529197}.Debug|x64.Build.0 = Debug|x64
		{0E9D2BD9-4BA8-433D-91A6-410FF4529197}.Debug|x86.ActiveCfg = Debug|Win32
		{0E9D2BD9-4BA8-433D-91A6-410FF4529197}.Debug|x86.Build.0 = Debug|Win32
		{0E9D2BD9-4BA8-433D-91A6-410FF4529197}.Release|x64.ActiveCfg = Release|x64
		{0E9D2BD9-4BA8-433D-91A6-410FF4529197}.Release|x64.Build.0 = Release|x64
		{0E9D2BD9-4BA8-433D-91A6-410FF4529197}.Release|x86.ActiveCfg = Release|Win32
		{0E9D2BD9-4BA8-433D-91A6-410FF4529197}.Release|x86.Build.0 = Release|Win32
	EndGlobalSection
	GlobalSection(SolutionProperties) = preSolution
		HideSolutionNode = FALSE
	EndGlobalSection
	GlobalSection(ExtensibilityGlobals) = postSolution
		SolutionGuid = {6249901F-F2FD-4AB6-BFE6-2E73FF98DB41}
	EndGlobalSection
EndGlobal
